lockfileVersion: '9.0'

settings:
  autoInstallPeers: true
  excludeLinksFromLockfile: false

importers:

  .:
    dependencies:
      loupe:
        specifier: ^3.1.4
        version: 3.1.4

packages:

  loupe@3.1.4:
    resolution: {integrity: sha512-wJzkKwJrheKtknCOKNEtDK4iqg/MxmZheEMtSTYvnzRdEYaZzmgH976nenp8WdJRdx5Vc1X/9MO0Oszl6ezeXg==}

snapshots:

  loupe@3.1.4: {}
